// !$*UTF8*$!
{
	archiveVersion = 1;
	classes = {
	};
	objectVersion = 46;
	objects = {

/* Begin PBXBuildFile section */
		B3E7B58A1CC2AC0600A0062D /* RNNtlm.m in Sources */ = {isa = PBXBuildFile; fileRef = B3E7B5891CC2AC0600A0062D /* RNNtlm.m */; };
		D3506C95223FD7F000AB12A3 /* HttpClient.m in Sources */ = {isa = PBXBuildFile; fileRef = D3506C94223FD7F000AB12A3 /* HttpClient.m */; };
		D9A8863A58B8EB3FDAEF1807 /* libPods-RNNtlm.a in Frameworks */ = {isa = PBXBuildFile; fileRef = E1586B696EC22AABE289B44A /* libPods-RNNtlm.a */; };
/* End PBXBuildFile section */

/* Begin PBXCopyFilesBuildPhase section */
		58B511D91A9E6C8500147676 /* CopyFiles */ = {
			isa = PBXCopyFilesBuildPhase;
			buildActionMask = 2147483647;
			dstPath = "include/$(PRODUCT_NAME)";
			dstSubfolderSpec = 16;
			files = (
			);
			runOnlyForDeploymentPostprocessing = 0;
		};
/* End PBXCopyFilesBuildPhase section */

/* Begin PBXFileReference section */
		134814201AA4EA6300B7C361 /* libRNNtlm.a */ = {isa = PBXFileReference; explicitFileType = archive.ar; includeInIndex = 0; path = libRNNtlm.a; sourceTree = BUILT_PRODUCTS_DIR; };
		29C692528329EC5770484964 /* Pods-RNNtlm.release.xcconfig */ = {isa = PBXFileReference; includeInIndex = 1; lastKnownFileType = text.xcconfig; name = "Pods-RNNtlm.release.xcconfig"; path = "Target Support Files/Pods-RNNtlm/Pods-RNNtlm.release.xcconfig"; sourceTree = "<group>"; };
		3C4B600A07AED6E1BBC16719 /* Pods-testapp.release.xcconfig */ = {isa = PBXFileReference; includeInIndex = 1; lastKnownFileType = text.xcconfig; name = "Pods-testapp.release.xcconfig"; path = "Target Support Files/Pods-testapp/Pods-testapp.release.xcconfig"; sourceTree = "<group>"; };
		AA87810CC0DD4DD5DFC8BEE3 /* Pods-testapp.debug.xcconfig */ = {isa = PBXFileReference; includeInIndex = 1; lastKnownFileType = text.xcconfig; name = "Pods-testapp.debug.xcconfig"; path = "Target Support Files/Pods-testapp/Pods-testapp.debug.xcconfig"; sourceTree = "<group>"; };
		B3E7B5881CC2AC0600A0062D /* RNNtlm.h */ = {isa = PBXFileReference; fileEncoding = 4; lastKnownFileType = sourcecode.c.h; path = RNNtlm.h; sourceTree = "<group>"; };
		B3E7B5891CC2AC0600A0062D /* RNNtlm.m */ = {isa = PBXFileReference; fileEncoding = 4; lastKnownFileType = sourcecode.c.objc; path = RNNtlm.m; sourceTree = "<group>"; };
		B8F3D0A8F0A4A316C1CEC3D9 /* Pods-RNNtlm.debug.xcconfig */ = {isa = PBXFileReference; includeInIndex = 1; lastKnownFileType = text.xcconfig; name = "Pods-RNNtlm.debug.xcconfig"; path = "Target Support Files/Pods-RNNtlm/Pods-RNNtlm.debug.xcconfig"; sourceTree = "<group>"; };
		D32CF019223FE2CD005DED90 /* Base */ = {isa = PBXFileReference; lastKnownFileType = file.storyboard; name = Base; path = Base.lproj/Main.storyboard; sourceTree = "<group>"; };
		D32CF01B223FE2CD005DED90 /* Assets.xcassets */ = {isa = PBXFileReference; lastKnownFileType = folder.assetcatalog; path = Assets.xcassets; sourceTree = "<group>"; };
		D32CF01E223FE2CD005DED90 /* Base */ = {isa = PBXFileReference; lastKnownFileType = file.storyboard; name = Base; path = Base.lproj/LaunchScreen.storyboard; sourceTree = "<group>"; };
		D32CF020223FE2CD005DED90 /* Info.plist */ = {isa = PBXFileReference; lastKnownFileType = text.plist.xml; path = Info.plist; sourceTree = "<group>"; };
		D3506C93223FD7F000AB12A3 /* HttpClient.h */ = {isa = PBXFileReference; lastKnownFileType = sourcecode.c.h; path = HttpClient.h; sourceTree = "<group>"; };
		D3506C94223FD7F000AB12A3 /* HttpClient.m */ = {isa = PBXFileReference; lastKnownFileType = sourcecode.c.objc; path = HttpClient.m; sourceTree = "<group>"; };
		D3506CF9223FDF0F00AB12A3 /* libRNNtlm.a */ = {isa = PBXFileReference; lastKnownFileType = archive.ar; name = libRNNtlm.a; path = ../../ios/tableauMobile/libRNNtlm.a; sourceTree = "<group>"; };
		D3506D47223FE17500AB12A3 /* test.m */ = {isa = PBXFileReference; lastKnownFileType = sourcecode.c.objc; path = test.m; sourceTree = "<group>"; };
		DF9A855EC8F97638A4498CD4 /* libPods-testapp.a */ = {isa = PBXFileReference; explicitFileType = archive.ar; includeInIndex = 0; path = "libPods-testapp.a"; sourceTree = BUILT_PRODUCTS_DIR; };
		E1586B696EC22AABE289B44A /* libPods-RNNtlm.a */ = {isa = PBXFileReference; explicitFileType = archive.ar; includeInIndex = 0; path = "libPods-RNNtlm.a"; sourceTree = BUILT_PRODUCTS_DIR; };
/* End PBXFileReference section */

/* Begin PBXFrameworksBuildPhase section */
		58B511D81A9E6C8500147676 /* Frameworks */ = {
			isa = PBXFrameworksBuildPhase;
			buildActionMask = 2147483647;
			files = (
				D9A8863A58B8EB3FDAEF1807 /* libPods-RNNtlm.a in Frameworks */,
			);
			runOnlyForDeploymentPostprocessing = 0;
		};
/* End PBXFrameworksBuildPhase section */

/* Begin PBXGroup section */
		0C2A7D188BC32EE1FE3ABA14 /* Pods */ = {
			isa = PBXGroup;
			children = (
				B8F3D0A8F0A4A316C1CEC3D9 /* Pods-RNNtlm.debug.xcconfig */,
				29C692528329EC5770484964 /* Pods-RNNtlm.release.xcconfig */,
				AA87810CC0DD4DD5DFC8BEE3 /* Pods-testapp.debug.xcconfig */,
				3C4B600A07AED6E1BBC16719 /* Pods-testapp.release.xcconfig */,
			);
			path = Pods;
			sourceTree = "<group>";
		};
		134814211AA4EA7D00B7C361 /* Products */ = {
			isa = PBXGroup;
			children = (
				134814201AA4EA6300B7C361 /* libRNNtlm.a */,
			);
			name = Products;
			sourceTree = "<group>";
		};
		58B511D21A9E6C8500147676 = {
			isa = PBXGroup;
			children = (
				D3506D47223FE17500AB12A3 /* test.m */,
				D3506C93223FD7F000AB12A3 /* HttpClient.h */,
				D3506C94223FD7F000AB12A3 /* HttpClient.m */,
				B3E7B5881CC2AC0600A0062D /* RNNtlm.h */,
				B3E7B5891CC2AC0600A0062D /* RNNtlm.m */,
				D32CF011223FE2CC005DED90 /* testapp */,
				134814211AA4EA7D00B7C361 /* Products */,
				0C2A7D188BC32EE1FE3ABA14 /* Pods */,
				8BC7983BD4E8428F62C4F06D /* Frameworks */,
			);
			sourceTree = "<group>";
		};
		8BC7983BD4E8428F62C4F06D /* Frameworks */ = {
			isa = PBXGroup;
			children = (
				D3506CF9223FDF0F00AB12A3 /* libRNNtlm.a */,
				E1586B696EC22AABE289B44A /* libPods-RNNtlm.a */,
				DF9A855EC8F97638A4498CD4 /* libPods-testapp.a */,
			);
			name = Frameworks;
			sourceTree = "<group>";
		};
		D32CF011223FE2CC005DED90 /* testapp */ = {
			isa = PBXGroup;
			children = (
				D32CF018223FE2CC005DED90 /* Main.storyboard */,
				D32CF01B223FE2CD005DED90 /* Assets.xcassets */,
				D32CF01D223FE2CD005DED90 /* LaunchScreen.storyboard */,
				D32CF020223FE2CD005DED90 /* Info.plist */,
			);
			path = testapp;
			sourceTree = "<group>";
		};
/* End PBXGroup section */

/* Begin PBXNativeTarget section */
		58B511DA1A9E6C8500147676 /* RNNtlm */ = {
			isa = PBXNativeTarget;
			buildConfigurationList = 58B511EF1A9E6C8500147676 /* Build configuration list for PBXNativeTarget "RNNtlm" */;
			buildPhases = (
				78734A7E0714A8E87EEA4C99 /* [CP] Check Pods Manifest.lock */,
				58B511D71A9E6C8500147676 /* Sources */,
				58B511D81A9E6C8500147676 /* Frameworks */,
				58B511D91A9E6C8500147676 /* CopyFiles */,
			);
			buildRules = (
			);
			dependencies = (
			);
			name = RNNtlm;
			productName = RCTDataManager;
			productReference = 134814201AA4EA6300B7C361 /* libRNNtlm.a */;
			productType = "com.apple.product-type.library.static";
		};
/* End PBXNativeTarget section */

/* Begin PBXProject section */
		58B511D31A9E6C8500147676 /* Project object */ = {
			isa = PBXProject;
			attributes = {
				LastUpgradeCheck = 0830;
				ORGANIZATIONNAME = Facebook;
				TargetAttributes = {
					58B511DA1A9E6C8500147676 = {
						CreatedOnToolsVersion = 6.1.1;
					};
				};
			};
			buildConfigurationList = 58B511D61A9E6C8500147676 /* Build configuration list for PBXProject "RNNtlm" */;
			compatibilityVersion = "Xcode 3.2";
			developmentRegion = English;
			hasScannedForEncodings = 0;
			knownRegions = (
				English,
				en,
				Base,
			);
			mainGroup = 58B511D21A9E6C8500147676;
			productRefGroup = 58B511D21A9E6C8500147676;
			projectDirPath = "";
			projectRoot = "";
			targets = (
				58B511DA1A9E6C8500147676 /* RNNtlm */,
			);
		};
/* End PBXProject section */

/* Begin PBXShellScriptBuildPhase section */
		78734A7E0714A8E87EEA4C99 /* [CP] Check Pods Manifest.lock */ = {
			isa = PBXShellScriptBuildPhase;
			buildActionMask = 2147483647;
			files = (
			);
			inputPaths = (
				"${PODS_PODFILE_DIR_PATH}/Podfile.lock",
				"${PODS_ROOT}/Manifest.lock",
			);
			name = "[CP] Check Pods Manifest.lock";
			outputPaths = (
				"$(DERIVED_FILE_DIR)/Pods-RNNtlm-checkManifestLockResult.txt",
			);
			runOnlyForDeploymentPostprocessing = 0;
			shellPath = /bin/sh;
			shellScript = "diff \"${PODS_PODFILE_DIR_PATH}/Podfile.lock\" \"${PODS_ROOT}/Manifest.lock\" > /dev/null\nif [ $? != 0 ] ; then\n    # print error to STDERR\n    echo \"error: The sandbox is not in sync with the Podfile.lock. Run 'pod install' or update your CocoaPods installation.\" >&2\n    exit 1\nfi\n# This output is used by Xcode 'outputs' to avoid re-running this script phase.\necho \"SUCCESS\" > \"${SCRIPT_OUTPUT_FILE_0}\"\n";
			showEnvVarsInLog = 0;
		};
/* End PBXShellScriptBuildPhase section */

/* Begin PBXSourcesBuildPhase section */
		58B511D71A9E6C8500147676 /* Sources */ = {
			isa = PBXSourcesBuildPhase;
			buildActionMask = 2147483647;
			files = (
				D3506C95223FD7F000AB12A3 /* HttpClient.m in Sources */,
				B3E7B58A1CC2AC0600A0062D /* RNNtlm.m in Sources */,
			);
			runOnlyForDeploymentPostprocessing = 0;
		};
/* End PBXSourcesBuildPhase section */

/* Begin PBXVariantGroup section */
		D32CF018223FE2CC005DED90 /* Main.storyboard */ = {
			isa = PBXVariantGroup;
			children = (
				D32CF019223FE2CD005DED90 /* Base */,
			);
			name = Main.storyboard;
			sourceTree = "<group>";
		};
		D32CF01D223FE2CD005DED90 /* LaunchScreen.storyboard */ = {
			isa = PBXVariantGroup;
			children = (
				D32CF01E223FE2CD005DED90 /* Base */,
			);
			name = LaunchScreen.storyboard;
			sourceTree = "<group>";
		};
/* End PBXVariantGroup section */

/* Begin XCBuildConfiguration section */
		58B511ED1A9E6C8500147676 /* Debug */ = {
			isa = XCBuildConfiguration;
			buildSettings = {
				ALWAYS_SEARCH_USER_PATHS = NO;
				CLANG_CXX_LANGUAGE_STANDARD = "gnu++0x";
				CLANG_CXX_LIBRARY = "libc++";
				CLANG_ENABLE_MODULES = YES;
				CLANG_ENABLE_OBJC_ARC = YES;
				CLANG_WARN_BOOL_CONVERSION = YES;
				CLANG_WARN_CONSTANT_CONVERSION = YES;
				CLANG_WARN_DIRECT_OBJC_ISA_USAGE = YES_ERROR;
				CLANG_WARN_EMPTY_BODY = YES;
				CLANG_WARN_ENUM_CONVERSION = YES;
				CLANG_WARN_INFINITE_RECURSION = YES;
				CLANG_WARN_INT_CONVERSION = YES;
				CLANG_WARN_OBJC_ROOT_CLASS = YES_ERROR;
				CLANG_WARN_SUSPICIOUS_MOVE = YES;
				CLANG_WARN_UNREACHABLE_CODE = YES;
				CLANG_WARN__DUPLICATE_METHOD_MATCH = YES;
				COPY_PHASE_STRIP = NO;
				ENABLE_STRICT_OBJC_MSGSEND = YES;
				ENABLE_TESTABILITY = YES;
				GCC_C_LANGUAGE_STANDARD = gnu99;
				GCC_DYNAMIC_NO_PIC = NO;
				GCC_NO_COMMON_BLOCKS = YES;
				GCC_OPTIMIZATION_LEVEL = 0;
				GCC_PREPROCESSOR_DEFINITIONS = (
					"DEBUG=1",
					"$(inherited)",
				);
				GCC_SYMBOLS_PRIVATE_EXTERN = NO;
				GCC_WARN_64_TO_32_BIT_CONVERSION = YES;
				GCC_WARN_ABOUT_RETURN_TYPE = YES_ERROR;
				GCC_WARN_UNDECLARED_SELECTOR = YES;
				GCC_WARN_UNINITIALIZED_AUTOS = YES_AGGRESSIVE;
				GCC_WARN_UNUSED_FUNCTION = YES;
				GCC_WARN_UNUSED_VARIABLE = YES;
				IPHONEOS_DEPLOYMENT_TARGET = 11.2;
				MTL_ENABLE_DEBUG_INFO = YES;
				ONLY_ACTIVE_ARCH = YES;
				SDKROOT = iphoneos;
			};
			name = Debug;
		};
		58B511EE1A9E6C8500147676 /* Release */ = {
			isa = XCBuildConfiguration;
			buildSettings = {
				ALWAYS_SEARCH_USER_PATHS = NO;
				CLANG_CXX_LANGUAGE_STANDARD = "gnu++0x";
				CLANG_CXX_LIBRARY = "libc++";
				CLANG_ENABLE_MODULES = YES;
				CLANG_ENABLE_OBJC_ARC = YES;
				CLANG_WARN_BOOL_CONVERSION = YES;
				CLANG_WARN_CONSTANT_CONVERSION = YES;
				CLANG_WARN_DIRECT_OBJC_ISA_USAGE = YES_ERROR;
				CLANG_WARN_EMPTY_BODY = YES;
				CLANG_WARN_ENUM_CONVERSION = YES;
				CLANG_WARN_INFINITE_RECURSION = YES;
				CLANG_WARN_INT_CONVERSION = YES;
				CLANG_WARN_OBJC_ROOT_CLASS = YES_ERROR;
				CLANG_WARN_SUSPICIOUS_MOVE = YES;
				CLANG_WARN_UNREACHABLE_CODE = YES;
				CLANG_WARN__DUPLICATE_METHOD_MATCH = YES;
				COPY_PHASE_STRIP = YES;
				ENABLE_NS_ASSERTIONS = NO;
				ENABLE_STRICT_OBJC_MSGSEND = YES;
				GCC_C_LANGUAGE_STANDARD = gnu99;
				GCC_NO_COMMON_BLOCKS = YES;
				GCC_WARN_64_TO_32_BIT_CONVERSION = YES;
				GCC_WARN_ABOUT_RETURN_TYPE = YES_ERROR;
				GCC_WARN_UNDECLARED_SELECTOR = YES;
				GCC_WARN_UNINITIALIZED_AUTOS = YES_AGGRESSIVE;
				GCC_WARN_UNUSED_FUNCTION = YES;
				GCC_WARN_UNUSED_VARIABLE = YES;
				IPHONEOS_DEPLOYMENT_TARGET = 11.2;
				MTL_ENABLE_DEBUG_INFO = NO;
				SDKROOT = iphoneos;
				VALIDATE_PRODUCT = YES;
			};
			name = Release;
		};
		58B511F01A9E6C8500147676 /* Debug */ = {
			isa = XCBuildConfiguration;
			baseConfigurationReference = B8F3D0A8F0A4A316C1CEC3D9 /* Pods-RNNtlm.debug.xcconfig */;
			buildSettings = {
				BITCODE_GENERATION_MODE = bitcode;
				ENABLE_BITCODE = YES;
				HEADER_SEARCH_PATHS = (
					"$(inherited)",
					/Applications/Xcode.app/Contents/Developer/Toolchains/XcodeDefault.xctoolchain/usr/include,
					"$(SRCROOT)/../../../React/**",
					"$(SRCROOT)/../../react-native/React/**",
					"$(SRCROOT)/../../node_modules/react-native/React/**",
					"$(BUILD_DIR)/Release$(EFFECTIVE_PLATFORM_NAME)/**",
				);
				IPHONEOS_DEPLOYMENT_TARGET = 11.2;
				LIBRARY_SEARCH_PATHS = "$(inherited)";
				OTHER_CFLAGS = "-fembed-bitcode";
				OTHER_LDFLAGS = "-ObjC";
				PRODUCT_NAME = RNNtlm;
				SKIP_INSTALL = YES;
			};
			name = Debug;
		};
		58B511F11A9E6C8500147676 /* Release */ = {
			isa = XCBuildConfiguration;
			baseConfigurationReference = 29C692528329EC5770484964 /* Pods-RNNtlm.release.xcconfig */;
			buildSettings = {
				BITCODE_GENERATION_MODE = bitcode;
				ENABLE_BITCODE = YES;
				HEADER_SEARCH_PATHS = (
					"$(inherited)",
					/Applications/Xcode.app/Contents/Developer/Toolchains/XcodeDefault.xctoolchain/usr/include,
					"$(SRCROOT)/../../../React/**",
					"$(SRCROOT)/../../react-native/React/**",
					"$(SRCROOT)/../../node_modules/react-native/React/**",
					"$(BUILD_DIR)/Release$(EFFECTIVE_PLATFORM_NAME)/**",
				);
				IPHONEOS_DEPLOYMENT_TARGET = 11.2;
				LIBRARY_SEARCH_PATHS = "$(inherited)";
				OTHER_CFLAGS = "-fembed-bitcode";
				OTHER_LDFLAGS = "-ObjC";
				PRODUCT_NAME = RNNtlm;
				SKIP_INSTALL = YES;
			};
			name = Release;
		};
/* End XCBuildConfiguration section */

/* Begin XCConfigurationList section */
		58B511D61A9E6C8500147676 /* Build configuration list for PBXProject "RNNtlm" */ = {
			isa = XCConfigurationList;
			buildConfigurations = (
				58B511ED1A9E6C8500147676 /* Debug */,
				58B511EE1A9E6C8500147676 /* Release */,
			);
			defaultConfigurationIsVisible = 0;
			defaultConfigurationName = Release;
		};
		58B511EF1A9E6C8500147676 /* Build configuration list for PBXNativeTarget "RNNtlm" */ = {
			isa = XCConfigurationList;
			buildConfigurations = (
				58B511F01A9E6C8500147676 /* Debug */,
				58B511F11A9E6C8500147676 /* Release */,
			);
			defaultConfigurationIsVisible = 0;
			defaultConfigurationName = Release;
		};
/* End XCConfigurationList section */
	};
	rootObject = 58B511D31A9E6C8500147676 /* Project object */;
}
